
Microsoft Visual Studio Solution File, Format Version 12.00
# Visual Studio Version 16
VisualStudioVersion = 16.0.29911.84
MinimumVisualStudioVersion = 10.0.40219.1
Project("{FAE04EC0-301F-11D3-BF4B-00C04F79EFBC}") = "Cw5", "Cw5\Cw5.csproj", "{DC40361D-BBF1-46EA-B6B2-9185BD4AD0E6}"
EndProject
Global
	GlobalSection(SolutionConfigurationPlatforms) = preSolution
		Debug|Any CPU = Debug|Any CPU
		Release|Any CPU = Release|Any CPU
	EndGlobalSection
	GlobalSection(ProjectConfigurationPlatforms) = postSolution
		{DC40361D-BBF1-46EA-B6B2-9185BD4AD0E6}.Debug|Any CPU.ActiveCfg = Debug|Any CPU
		{DC40361D-BBF1-46EA-B6B2-9185BD4AD0E6}.Debug|Any CPU.Build.0 = Debug|Any CPU
		{DC40361D-BBF1-46EA-B6B2-9185BD4AD0E6}.Release|Any CPU.ActiveCfg = Release|Any CPU
		{DC40361D-BBF1-46EA-B6B2-9185BD4AD0E6}.Release|Any CPU.Build.0 = Release|Any CPU
	EndGlobalSection
	GlobalSection(SolutionProperties) = preSolution
		HideSolutionNode = FALSE
	EndGlobalSection
	GlobalSection(ExtensibilityGlobals) = postSolution
		SolutionGuid = {7AE45B75-BEEF-4CF2-A07C-D9A6484BF9F3}
	EndGlobalSection
EndGlobal
